
Microsoft Visual Studio Solution File, Format Version 12.00
# Visual Studio Version 16
VisualStudioVersion = 16.0.29709.97
MinimumVisualStudioVersion = 10.0.40219.1
Project("{FAE04EC0-301F-11D3-BF4B-00C04F79EFBC}") = "MVCMyFirst", "MVCMyFirst.csproj", "{8D5E48C2-53B4-4EE6-8540-9FF16A2E05B8}"
EndProject
Global
	GlobalSection(SolutionConfigurationPlatforms) = preSolution
		Debug|Any CPU = Debug|Any CPU
		Release|Any CPU = Release|Any CPU
	EndGlobalSection
	GlobalSection(ProjectConfigurationPlatforms) = postSolution
		{8D5E48C2-53B4-4EE6-8540-9FF16A2E05B8}.Debug|Any CPU.ActiveCfg = Debug|Any CPU
		{8D5E48C2-53B4-4EE6-8540-9FF16A2E05B8}.Debug|Any CPU.Build.0 = Debug|Any CPU
		{8D5E48C2-53B4-4EE6-8540-9FF16A2E05B8}.Release|Any CPU.ActiveCfg = Release|Any CPU
		{8D5E48C2-53B4-4EE6-8540-9FF16A2E05B8}.Release|Any CPU.Build.0 = Release|Any CPU
	EndGlobalSection
	GlobalSection(SolutionProperties) = preSolution
		HideSolutionNode = FALSE
	EndGlobalSection
	GlobalSection(ExtensibilityGlobals) = postSolution
		SolutionGuid = {DC985BDB-6DA0-4E71-9F3E-210AE8466A6D}
	EndGlobalSection
EndGlobal
